
Microsoft Visual Studio Solution File, Format Version 12.00
# Visual Studio 15
VisualStudioVersion = 15.0.28307.168
MinimumVisualStudioVersion = 10.0.40219.1
Project("{FAE04EC0-301F-11D3-BF4B-00C04F79EFBC}") = "WebMVC.Model", "WebMVC.Model\WebMVC.Model.csproj", "{1B8E82E5-C01C-44C2-8C24-893B568837BB}"
EndProject
Project("{FAE04EC0-301F-11D3-BF4B-00C04F79EFBC}") = "WebMVC.Data", "WebMVC.Data\WebMVC.Data.csproj", "{97B90FE3-AEB3-42D0-9BF3-970347AF9056}"
EndProject
Project("{FAE04EC0-301F-11D3-BF4B-00C04F79EFBC}") = "WebMVC.Repository", "WebMVC.Repository\WebMVC.Repository.csproj", "{0762B56A-8784-4B3C-82B4-90ECC5C78E2A}"
EndProject
Project("{FAE04EC0-301F-11D3-BF4B-00C04F79EFBC}") = "WebMVC.Service", "WebMVC.Service\WebMVC.Service.csproj", "{CABE7679-5614-472B-80B7-1716B62821E3}"
EndProject
Project("{FAE04EC0-301F-11D3-BF4B-00C04F79EFBC}") = "WedMVC.Test", "WedMVC.Test\WedMVC.Test.csproj", "{F7E1F943-422A-47A7-BAA1-A5C7243844E3}"
EndProject
Global
	GlobalSection(SolutionConfigurationPlatforms) = preSolution
		Debug|Any CPU = Debug|Any CPU
		Release|Any CPU = Release|Any CPU
	EndGlobalSection
	GlobalSection(ProjectConfigurationPlatforms) = postSolution
		{1B8E82E5-C01C-44C2-8C24-893B568837BB}.Debug|Any CPU.ActiveCfg = Debug|Any CPU
		{1B8E82E5-C01C-44C2-8C24-893B568837BB}.Debug|Any CPU.Build.0 = Debug|Any CPU
		{1B8E82E5-C01C-44C2-8C24-893B568837BB}.Release|Any CPU.ActiveCfg = Release|Any CPU
		{1B8E82E5-C01C-44C2-8C24-893B568837BB}.Release|Any CPU.Build.0 = Release|Any CPU
		{97B90FE3-AEB3-42D0-9BF3-970347AF9056}.Debug|Any CPU.ActiveCfg = Debug|Any CPU
		{97B90FE3-AEB3-42D0-9BF3-970347AF9056}.Debug|Any CPU.Build.0 = Debug|Any CPU
		{97B90FE3-AEB3-42D0-9BF3-970347AF9056}.Release|Any CPU.ActiveCfg = Release|Any CPU
		{97B90FE3-AEB3-42D0-9BF3-970347AF9056}.Release|Any CPU.Build.0 = Release|Any CPU
		{0762B56A-8784-4B3C-82B4-90ECC5C78E2A}.Debug|Any CPU.ActiveCfg = Debug|Any CPU
		{0762B56A-8784-4B3C-82B4-90ECC5C78E2A}.Debug|Any CPU.Build.0 = Debug|Any CPU
		{0762B56A-8784-4B3C-82B4-90ECC5C78E2A}.Release|Any CPU.ActiveCfg = Release|Any CPU
		{0762B56A-8784-4B3C-82B4-90ECC5C78E2A}.Release|Any CPU.Build.0 = Release|Any CPU
		{CABE7679-5614-472B-80B7-1716B62821E3}.Debug|Any CPU.ActiveCfg = Debug|Any CPU
		{CABE7679-5614-472B-80B7-1716B62821E3}.Debug|Any CPU.Build.0 = Debug|Any CPU
		{CABE7679-5614-472B-80B7-1716B62821E3}.Release|Any CPU.ActiveCfg = Release|Any CPU
		{CABE7679-5614-472B-80B7-1716B62821E3}.Release|Any CPU.Build.0 = Release|Any CPU
		{F7E1F943-422A-47A7-BAA1-A5C7243844E3}.Debug|Any CPU.ActiveCfg = Debug|Any CPU
		{F7E1F943-422A-47A7-BAA1-A5C7243844E3}.Debug|Any CPU.Build.0 = Debug|Any CPU
		{F7E1F943-422A-47A7-BAA1-A5C7243844E3}.Release|Any CPU.ActiveCfg = Release|Any CPU
		{F7E1F943-422A-47A7-BAA1-A5C7243844E3}.Release|Any CPU.Build.0 = Release|Any CPU
	EndGlobalSection
	GlobalSection(SolutionProperties) = preSolution
		HideSolutionNode = FALSE
	EndGlobalSection
	GlobalSection(ExtensibilityGlobals) = postSolution
		SolutionGuid = {3DE7AA22-1C09-4ED6-BA4D-7BB952812C97}
	EndGlobalSection
EndGlobal
